
Microsoft Visual Studio Solution File, Format Version 12.00
# Visual Studio 15
VisualStudioVersion = 15.0.27703.2042
MinimumVisualStudioVersion = 10.0.40219.1
Project("{FAE04EC0-301F-11D3-BF4B-00C04F79EFBC}") = "OOP.Summary.General", "OOP.Summary.General\OOP.Summary.General.csproj", "{02951239-84F9-46BA-B187-55DCF05FD35F}"
EndProject
Global
	GlobalSection(SolutionConfigurationPlatforms) = preSolution
		Debug|Any CPU = Debug|Any CPU
		Release|Any CPU = Release|Any CPU
	EndGlobalSection
	GlobalSection(ProjectConfigurationPlatforms) = postSolution
		{02951239-84F9-46BA-B187-55DCF05FD35F}.Debug|Any CPU.ActiveCfg = Debug|Any CPU
		{02951239-84F9-46BA-B187-55DCF05FD35F}.Debug|Any CPU.Build.0 = Debug|Any CPU
		{02951239-84F9-46BA-B187-55DCF05FD35F}.Release|Any CPU.ActiveCfg = Release|Any CPU
		{02951239-84F9-46BA-B187-55DCF05FD35F}.Release|Any CPU.Build.0 = Release|Any CPU
	EndGlobalSection
	GlobalSection(SolutionProperties) = preSolution
		HideSolutionNode = FALSE
	EndGlobalSection
	GlobalSection(ExtensibilityGlobals) = postSolution
		SolutionGuid = {6A35CFF6-FEB5-4039-9C86-7B476F8141A6}
	EndGlobalSection
EndGlobal
